
Microsoft Visual Studio Solution File, Format Version 12.00
# Visual Studio Version 16
VisualStudioVersion = 16.0.31729.503
MinimumVisualStudioVersion = 10.0.40219.1
Project("{FAE04EC0-301F-11D3-BF4B-00C04F79EFBC}") = "Addition", "Addition\Addition.csproj", "{D37086E8-BB9A-4BCF-8DCD-4EC9BFFC549F}"
EndProject
Project("{FAE04EC0-301F-11D3-BF4B-00C04F79EFBC}") = "Task_2", "Task_2\Task_2.csproj", "{9C1BEC15-9330-4704-9B92-CAD9FBA9F433}"
EndProject
Project("{FAE04EC0-301F-11D3-BF4B-00C04F79EFBC}") = "Task_3", "Task_3\Task_3.csproj", "{F7720E0E-CE04-47FE-8874-1E16C4698BCF}"
EndProject
Global
	GlobalSection(SolutionConfigurationPlatforms) = preSolution
		Debug|Any CPU = Debug|Any CPU
		Release|Any CPU = Release|Any CPU
	EndGlobalSection
	GlobalSection(ProjectConfigurationPlatforms) = postSolution
		{D37086E8-BB9A-4BCF-8DCD-4EC9BFFC549F}.Debug|Any CPU.ActiveCfg = Debug|Any CPU
		{D37086E8-BB9A-4BCF-8DCD-4EC9BFFC549F}.Debug|Any CPU.Build.0 = Debug|Any CPU
		{D37086E8-BB9A-4BCF-8DCD-4EC9BFFC549F}.Release|Any CPU.ActiveCfg = Release|Any CPU
		{D37086E8-BB9A-4BCF-8DCD-4EC9BFFC549F}.Release|Any CPU.Build.0 = Release|Any CPU
		{9C1BEC15-9330-4704-9B92-CAD9FBA9F433}.Debug|Any CPU.ActiveCfg = Debug|Any CPU
		{9C1BEC15-9330-4704-9B92-CAD9FBA9F433}.Debug|Any CPU.Build.0 = Debug|Any CPU
		{9C1BEC15-9330-4704-9B92-CAD9FBA9F433}.Release|Any CPU.ActiveCfg = Release|Any CPU
		{9C1BEC15-9330-4704-9B92-CAD9FBA9F433}.Release|Any CPU.Build.0 = Release|Any CPU
		{F7720E0E-CE04-47FE-8874-1E16C4698BCF}.Debug|Any CPU.ActiveCfg = Debug|Any CPU
		{F7720E0E-CE04-47FE-8874-1E16C4698BCF}.Debug|Any CPU.Build.0 = Debug|Any CPU
		{F7720E0E-CE04-47FE-8874-1E16C4698BCF}.Release|Any CPU.ActiveCfg = Release|Any CPU
		{F7720E0E-CE04-47FE-8874-1E16C4698BCF}.Release|Any CPU.Build.0 = Release|Any CPU
	EndGlobalSection
	GlobalSection(SolutionProperties) = preSolution
		HideSolutionNode = FALSE
	EndGlobalSection
	GlobalSection(ExtensibilityGlobals) = postSolution
		SolutionGuid = {121D03FB-3EEF-45C6-92ED-734398CDF702}
	EndGlobalSection
EndGlobal
